// !$*UTF8*$!
{
	archiveVersion = 1;
	classes = {
	};
	objectVersion = 50;
	objects = {

/* Begin PBXBuildFile section */
		031B3DCB7AB8DD8250D99D9E /* Pods_Reciplease.framework in Frameworks */ = {isa = PBXBuildFile; fileRef = 04BE2E52D26F585E0EA4BB86 /* Pods_Reciplease.framework */; };
		D81361AF2372EC6C003D7737 /* IngredientsTableViewCell.swift in Sources */ = {isa = PBXBuildFile; fileRef = D81361AD2372EC6C003D7737 /* IngredientsTableViewCell.swift */; };
		D81361B02372EC6C003D7737 /* IngredientsTableViewCell.xib in Resources */ = {isa = PBXBuildFile; fileRef = D81361AE2372EC6C003D7737 /* IngredientsTableViewCell.xib */; };
		D8675CA523701C0A00BC69F0 /* AppDelegate.swift in Sources */ = {isa = PBXBuildFile; fileRef = D8675CA423701C0A00BC69F0 /* AppDelegate.swift */; };
		D8675CA723701C0A00BC69F0 /* ViewController.swift in Sources */ = {isa = PBXBuildFile; fileRef = D8675CA623701C0A00BC69F0 /* ViewController.swift */; };
		D8675CAA23701C0A00BC69F0 /* Main.storyboard in Resources */ = {isa = PBXBuildFile; fileRef = D8675CA823701C0A00BC69F0 /* Main.storyboard */; };
		D8675CAD23701C0A00BC69F0 /* Reciplease.xcdatamodeld in Sources */ = {isa = PBXBuildFile; fileRef = D8675CAB23701C0A00BC69F0 /* Reciplease.xcdatamodeld */; };
		D8675CAF23701C0B00BC69F0 /* Assets.xcassets in Resources */ = {isa = PBXBuildFile; fileRef = D8675CAE23701C0B00BC69F0 /* Assets.xcassets */; };
		D8675CB223701C0B00BC69F0 /* LaunchScreen.storyboard in Resources */ = {isa = PBXBuildFile; fileRef = D8675CB023701C0B00BC69F0 /* LaunchScreen.storyboard */; };
		D8675CBD23701C0B00BC69F0 /* RecipleaseTests.swift in Sources */ = {isa = PBXBuildFile; fileRef = D8675CBC23701C0B00BC69F0 /* RecipleaseTests.swift */; };
		D8B38CA62372C1AF004CF1DE /* ResearchViewController.swift in Sources */ = {isa = PBXBuildFile; fileRef = D8B38CA52372C1AF004CF1DE /* ResearchViewController.swift */; };
		F964EFDC7D4199DCA3C8D34D /* Pods_RecipleaseTests.framework in Frameworks */ = {isa = PBXBuildFile; fileRef = 067AD7FBD4DA72E968BC6221 /* Pods_RecipleaseTests.framework */; };
/* End PBXBuildFile section */

/* Begin PBXContainerItemProxy section */
		D8675CB923701C0B00BC69F0 /* PBXContainerItemProxy */ = {
			isa = PBXContainerItemProxy;
			containerPortal = D8675C9923701C0A00BC69F0 /* Project object */;
			proxyType = 1;
			remoteGlobalIDString = D8675CA023701C0A00BC69F0;
			remoteInfo = Reciplease;
		};
/* End PBXContainerItemProxy section */

/* Begin PBXFileReference section */
		04BE2E52D26F585E0EA4BB86 /* Pods_Reciplease.framework */ = {isa = PBXFileReference; explicitFileType = wrapper.framework; includeInIndex = 0; path = Pods_Reciplease.framework; sourceTree = BUILT_PRODUCTS_DIR; };
		067AD7FBD4DA72E968BC6221 /* Pods_RecipleaseTests.framework */ = {isa = PBXFileReference; explicitFileType = wrapper.framework; includeInIndex = 0; path = Pods_RecipleaseTests.framework; sourceTree = BUILT_PRODUCTS_DIR; };
		30E7447246167FD66D721A2D /* Pods-Reciplease.debug.xcconfig */ = {isa = PBXFileReference; includeInIndex = 1; lastKnownFileType = text.xcconfig; name = "Pods-Reciplease.debug.xcconfig"; path = "Target Support Files/Pods-Reciplease/Pods-Reciplease.debug.xcconfig"; sourceTree = "<group>"; };
		9BDCF2B56F2D8511A51689C8 /* Pods-Reciplease.release.xcconfig */ = {isa = PBXFileReference; includeInIndex = 1; lastKnownFileType = text.xcconfig; name = "Pods-Reciplease.release.xcconfig"; path = "Target Support Files/Pods-Reciplease/Pods-Reciplease.release.xcconfig"; sourceTree = "<group>"; };
		D5248DA116C2063B5CB4B5EE /* Pods-RecipleaseTests.debug.xcconfig */ = {isa = PBXFileReference; includeInIndex = 1; lastKnownFileType = text.xcconfig; name = "Pods-RecipleaseTests.debug.xcconfig"; path = "Target Support Files/Pods-RecipleaseTests/Pods-RecipleaseTests.debug.xcconfig"; sourceTree = "<group>"; };
		D81361AD2372EC6C003D7737 /* IngredientsTableViewCell.swift */ = {isa = PBXFileReference; lastKnownFileType = sourcecode.swift; path = IngredientsTableViewCell.swift; sourceTree = "<group>"; };
		D81361AE2372EC6C003D7737 /* IngredientsTableViewCell.xib */ = {isa = PBXFileReference; lastKnownFileType = file.xib; path = IngredientsTableViewCell.xib; sourceTree = "<group>"; };
		D8675CA123701C0A00BC69F0 /* Reciplease.app */ = {isa = PBXFileReference; explicitFileType = wrapper.application; includeInIndex = 0; path = Reciplease.app; sourceTree = BUILT_PRODUCTS_DIR; };
		D8675CA423701C0A00BC69F0 /* AppDelegate.swift */ = {isa = PBXFileReference; lastKnownFileType = sourcecode.swift; path = AppDelegate.swift; sourceTree = "<group>"; };
		D8675CA623701C0A00BC69F0 /* ViewController.swift */ = {isa = PBXFileReference; lastKnownFileType = sourcecode.swift; path = ViewController.swift; sourceTree = "<group>"; };
		D8675CA923701C0A00BC69F0 /* Base */ = {isa = PBXFileReference; lastKnownFileType = file.storyboard; name = Base; path = Base.lproj/Main.storyboard; sourceTree = "<group>"; };
		D8675CAC23701C0A00BC69F0 /* Reciplease.xcdatamodel */ = {isa = PBXFileReference; lastKnownFileType = wrapper.xcdatamodel; path = Reciplease.xcdatamodel; sourceTree = "<group>"; };
		D8675CAE23701C0B00BC69F0 /* Assets.xcassets */ = {isa = PBXFileReference; lastKnownFileType = folder.assetcatalog; path = Assets.xcassets; sourceTree = "<group>"; };
		D8675CB123701C0B00BC69F0 /* Base */ = {isa = PBXFileReference; lastKnownFileType = file.storyboard; name = Base; path = Base.lproj/LaunchScreen.storyboard; sourceTree = "<group>"; };
		D8675CB323701C0B00BC69F0 /* Info.plist */ = {isa = PBXFileReference; lastKnownFileType = text.plist.xml; path = Info.plist; sourceTree = "<group>"; };
		D8675CB823701C0B00BC69F0 /* RecipleaseTests.xctest */ = {isa = PBXFileReference; explicitFileType = wrapper.cfbundle; includeInIndex = 0; path = RecipleaseTests.xctest; sourceTree = BUILT_PRODUCTS_DIR; };
		D8675CBC23701C0B00BC69F0 /* RecipleaseTests.swift */ = {isa = PBXFileReference; lastKnownFileType = sourcecode.swift; path = RecipleaseTests.swift; sourceTree = "<group>"; };
		D8675CBE23701C0B00BC69F0 /* Info.plist */ = {isa = PBXFileReference; lastKnownFileType = text.plist.xml; path = Info.plist; sourceTree = "<group>"; };
		D8B38CA52372C1AF004CF1DE /* ResearchViewController.swift */ = {isa = PBXFileReference; lastKnownFileType = sourcecode.swift; path = ResearchViewController.swift; sourceTree = "<group>"; };
		DEA8491953860E5006CFA4C5 /* Pods-RecipleaseTests.release.xcconfig */ = {isa = PBXFileReference; includeInIndex = 1; lastKnownFileType = text.xcconfig; name = "Pods-RecipleaseTests.release.xcconfig"; path = "Target Support Files/Pods-RecipleaseTests/Pods-RecipleaseTests.release.xcconfig"; sourceTree = "<group>"; };
/* End PBXFileReference section */

/* Begin PBXFrameworksBuildPhase section */
		D8675C9E23701C0A00BC69F0 /* Frameworks */ = {
			isa = PBXFrameworksBuildPhase;
			buildActionMask = 2147483647;
			files = (
				031B3DCB7AB8DD8250D99D9E /* Pods_Reciplease.framework in Frameworks */,
			);
			runOnlyForDeploymentPostprocessing = 0;
		};
		D8675CB523701C0B00BC69F0 /* Frameworks */ = {
			isa = PBXFrameworksBuildPhase;
			buildActionMask = 2147483647;
			files = (
				F964EFDC7D4199DCA3C8D34D /* Pods_RecipleaseTests.framework in Frameworks */,
			);
			runOnlyForDeploymentPostprocessing = 0;
		};
/* End PBXFrameworksBuildPhase section */

/* Begin PBXGroup section */
		7F0A4C1A57200FA403B57603 /* Frameworks */ = {
			isa = PBXGroup;
			children = (
				04BE2E52D26F585E0EA4BB86 /* Pods_Reciplease.framework */,
				067AD7FBD4DA72E968BC6221 /* Pods_RecipleaseTests.framework */,
			);
			name = Frameworks;
			sourceTree = "<group>";
		};
		BC67E76EA7FF0346B120DBF4 /* Pods */ = {
			isa = PBXGroup;
			children = (
				30E7447246167FD66D721A2D /* Pods-Reciplease.debug.xcconfig */,
				9BDCF2B56F2D8511A51689C8 /* Pods-Reciplease.release.xcconfig */,
				D5248DA116C2063B5CB4B5EE /* Pods-RecipleaseTests.debug.xcconfig */,
				DEA8491953860E5006CFA4C5 /* Pods-RecipleaseTests.release.xcconfig */,
			);
			path = Pods;
			sourceTree = "<group>";
		};
		D8675C9823701C0A00BC69F0 = {
			isa = PBXGroup;
			children = (
				D8675CA323701C0A00BC69F0 /* Reciplease */,
				D8675CBB23701C0B00BC69F0 /* RecipleaseTests */,
				D8675CA223701C0A00BC69F0 /* Products */,
				BC67E76EA7FF0346B120DBF4 /* Pods */,
				7F0A4C1A57200FA403B57603 /* Frameworks */,
			);
			sourceTree = "<group>";
		};
		D8675CA223701C0A00BC69F0 /* Products */ = {
			isa = PBXGroup;
			children = (
				D8675CA123701C0A00BC69F0 /* Reciplease.app */,
				D8675CB823701C0B00BC69F0 /* RecipleaseTests.xctest */,
			);
			name = Products;
			sourceTree = "<group>";
		};
		D8675CA323701C0A00BC69F0 /* Reciplease */ = {
			isa = PBXGroup;
			children = (
				D8675CA423701C0A00BC69F0 /* AppDelegate.swift */,
				D8675CCA23701D4C00BC69F0 /* View */,
				D8675CC923701D2C00BC69F0 /* ViewModel */,
				D8675CC823701D1C00BC69F0 /* Model */,
				D8675CC723701D0800BC69F0 /* ViewController */,
				D8675CA823701C0A00BC69F0 /* Main.storyboard */,
				D8675CAE23701C0B00BC69F0 /* Assets.xcassets */,
				D8675CB023701C0B00BC69F0 /* LaunchScreen.storyboard */,
				D8675CB323701C0B00BC69F0 /* Info.plist */,
				D8675CAB23701C0A00BC69F0 /* Reciplease.xcdatamodeld */,
			);
			path = Reciplease;
			sourceTree = "<group>";
		};
		D8675CBB23701C0B00BC69F0 /* RecipleaseTests */ = {
			isa = PBXGroup;
			children = (
				D8675CBC23701C0B00BC69F0 /* RecipleaseTests.swift */,
				D8675CBE23701C0B00BC69F0 /* Info.plist */,
			);
			path = RecipleaseTests;
			sourceTree = "<group>";
		};
		D8675CC723701D0800BC69F0 /* ViewController */ = {
			isa = PBXGroup;
			children = (
				D8675CA623701C0A00BC69F0 /* ViewController.swift */,
				D8B38CA52372C1AF004CF1DE /* ResearchViewController.swift */,
			);
			path = ViewController;
			sourceTree = "<group>";
		};
		D8675CC823701D1C00BC69F0 /* Model */ = {
			isa = PBXGroup;
			children = (
			);
			path = Model;
			sourceTree = "<group>";
		};
		D8675CC923701D2C00BC69F0 /* ViewModel */ = {
			isa = PBXGroup;
			children = (
			);
			path = ViewModel;
			sourceTree = "<group>";
		};
		D8675CCA23701D4C00BC69F0 /* View */ = {
			isa = PBXGroup;
			children = (
				D81361AD2372EC6C003D7737 /* IngredientsTableViewCell.swift */,
				D81361AE2372EC6C003D7737 /* IngredientsTableViewCell.xib */,
			);
			path = View;
			sourceTree = "<group>";
		};
/* End PBXGroup section */

/* Begin PBXNativeTarget section */
		D8675CA023701C0A00BC69F0 /* Reciplease */ = {
			isa = PBXNativeTarget;
			buildConfigurationList = D8675CC123701C0B00BC69F0 /* Build configuration list for PBXNativeTarget "Reciplease" */;
			buildPhases = (
				093F611C44D2E9D86E4201B3 /* [CP] Check Pods Manifest.lock */,
				D8675C9D23701C0A00BC69F0 /* Sources */,
				D8675C9E23701C0A00BC69F0 /* Frameworks */,
				D8675C9F23701C0A00BC69F0 /* Resources */,
			);
			buildRules = (
			);
			dependencies = (
			);
			name = Reciplease;
			productName = Reciplease;
			productReference = D8675CA123701C0A00BC69F0 /* Reciplease.app */;
			productType = "com.apple.product-type.application";
		};
		D8675CB723701C0B00BC69F0 /* RecipleaseTests */ = {
			isa = PBXNativeTarget;
			buildConfigurationList = D8675CC423701C0B00BC69F0 /* Build configuration list for PBXNativeTarget "RecipleaseTests" */;
			buildPhases = (
				B3A9191E7965126A80162A2E /* [CP] Check Pods Manifest.lock */,
				D8675CB423701C0B00BC69F0 /* Sources */,
				D8675CB523701C0B00BC69F0 /* Frameworks */,
				D8675CB623701C0B00BC69F0 /* Resources */,
			);
			buildRules = (
			);
			dependencies = (
				D8675CBA23701C0B00BC69F0 /* PBXTargetDependency */,
			);
			name = RecipleaseTests;
			productName = RecipleaseTests;
			productReference = D8675CB823701C0B00BC69F0 /* RecipleaseTests.xctest */;
			productType = "com.apple.product-type.bundle.unit-test";
		};
/* End PBXNativeTarget section */

/* Begin PBXProject section */
		D8675C9923701C0A00BC69F0 /* Project object */ = {
			isa = PBXProject;
			attributes = {
				LastSwiftUpdateCheck = 1020;
				LastUpgradeCheck = 1020;
				ORGANIZATIONNAME = "Samahir Adi";
				TargetAttributes = {
					D8675CA023701C0A00BC69F0 = {
						CreatedOnToolsVersion = 10.2.1;
					};
					D8675CB723701C0B00BC69F0 = {
						CreatedOnToolsVersion = 10.2.1;
						TestTargetID = D8675CA023701C0A00BC69F0;
					};
				};
			};
			buildConfigurationList = D8675C9C23701C0A00BC69F0 /* Build configuration list for PBXProject "Reciplease" */;
			compatibilityVersion = "Xcode 9.3";
			developmentRegion = en;
			hasScannedForEncodings = 0;
			knownRegions = (
				en,
				Base,
			);
			mainGroup = D8675C9823701C0A00BC69F0;
			productRefGroup = D8675CA223701C0A00BC69F0 /* Products */;
			projectDirPath = "";
			projectRoot = "";
			targets = (
				D8675CA023701C0A00BC69F0 /* Reciplease */,
				D8675CB723701C0B00BC69F0 /* RecipleaseTests */,
			);
		};
/* End PBXProject section */

/* Begin PBXResourcesBuildPhase section */
		D8675C9F23701C0A00BC69F0 /* Resources */ = {
			isa = PBXResourcesBuildPhase;
			buildActionMask = 2147483647;
			files = (
				D81361B02372EC6C003D7737 /* IngredientsTableViewCell.xib in Resources */,
				D8675CB223701C0B00BC69F0 /* LaunchScreen.storyboard in Resources */,
				D8675CAF23701C0B00BC69F0 /* Assets.xcassets in Resources */,
				D8675CAA23701C0A00BC69F0 /* Main.storyboard in Resources */,
			);
			runOnlyForDeploymentPostprocessing = 0;
		};
		D8675CB623701C0B00BC69F0 /* Resources */ = {
			isa = PBXResourcesBuildPhase;
			buildActionMask = 2147483647;
			files = (
			);
			runOnlyForDeploymentPostprocessing = 0;
		};
/* End PBXResourcesBuildPhase section */

/* Begin PBXShellScriptBuildPhase section */
		093F611C44D2E9D86E4201B3 /* [CP] Check Pods Manifest.lock */ = {
			isa = PBXShellScriptBuildPhase;
			buildActionMask = 2147483647;
			files = (
			);
			inputFileListPaths = (
			);
			inputPaths = (
				"${PODS_PODFILE_DIR_PATH}/Podfile.lock",
				"${PODS_ROOT}/Manifest.lock",
			);
			name = "[CP] Check Pods Manifest.lock";
			outputFileListPaths = (
			);
			outputPaths = (
				"$(DERIVED_FILE_DIR)/Pods-Reciplease-checkManifestLockResult.txt",
			);
			runOnlyForDeploymentPostprocessing = 0;
			shellPath = /bin/sh;
			shellScript = "diff \"${PODS_PODFILE_DIR_PATH}/Podfile.lock\" \"${PODS_ROOT}/Manifest.lock\" > /dev/null\nif [ $? != 0 ] ; then\n    # print error to STDERR\n    echo \"error: The sandbox is not in sync with the Podfile.lock. Run 'pod install' or update your CocoaPods installation.\" >&2\n    exit 1\nfi\n# This output is used by Xcode 'outputs' to avoid re-running this script phase.\necho \"SUCCESS\" > \"${SCRIPT_OUTPUT_FILE_0}\"\n";
			showEnvVarsInLog = 0;
		};
		B3A9191E7965126A80162A2E /* [CP] Check Pods Manifest.lock */ = {
			isa = PBXShellScriptBuildPhase;
			buildActionMask = 2147483647;
			files = (
			);
			inputFileListPaths = (
			);
			inputPaths = (
				"${PODS_PODFILE_DIR_PATH}/Podfile.lock",
				"${PODS_ROOT}/Manifest.lock",
			);
			name = "[CP] Check Pods Manifest.lock";
			outputFileListPaths = (
			);
			outputPaths = (
				"$(DERIVED_FILE_DIR)/Pods-RecipleaseTests-checkManifestLockResult.txt",
			);
			runOnlyForDeploymentPostprocessing = 0;
			shellPath = /bin/sh;
			shellScript = "diff \"${PODS_PODFILE_DIR_PATH}/Podfile.lock\" \"${PODS_ROOT}/Manifest.lock\" > /dev/null\nif [ $? != 0 ] ; then\n    # print error to STDERR\n    echo \"error: The sandbox is not in sync with the Podfile.lock. Run 'pod install' or update your CocoaPods installation.\" >&2\n    exit 1\nfi\n# This output is used by Xcode 'outputs' to avoid re-running this script phase.\necho \"SUCCESS\" > \"${SCRIPT_OUTPUT_FILE_0}\"\n";
			showEnvVarsInLog = 0;
		};
/* End PBXShellScriptBuildPhase section */

/* Begin PBXSourcesBuildPhase section */
		D8675C9D23701C0A00BC69F0 /* Sources */ = {
			isa = PBXSourcesBuildPhase;
			buildActionMask = 2147483647;
			files = (
				D81361AF2372EC6C003D7737 /* IngredientsTableViewCell.swift in Sources */,
				D8675CAD23701C0A00BC69F0 /* Reciplease.xcdatamodeld in Sources */,
				D8675CA723701C0A00BC69F0 /* ViewController.swift in Sources */,
				D8675CA523701C0A00BC69F0 /* AppDelegate.swift in Sources */,
				D8B38CA62372C1AF004CF1DE /* ResearchViewController.swift in Sources */,
			);
			runOnlyForDeploymentPostprocessing = 0;
		};
		D8675CB423701C0B00BC69F0 /* Sources */ = {
			isa = PBXSourcesBuildPhase;
			buildActionMask = 2147483647;
			files = (
				D8675CBD23701C0B00BC69F0 /* RecipleaseTests.swift in Sources */,
			);
			runOnlyForDeploymentPostprocessing = 0;
		};
/* End PBXSourcesBuildPhase section */

/* Begin PBXTargetDependency section */
		D8675CBA23701C0B00BC69F0 /* PBXTargetDependency */ = {
			isa = PBXTargetDependency;
			target = D8675CA023701C0A00BC69F0 /* Reciplease */;
			targetProxy = D8675CB923701C0B00BC69F0 /* PBXContainerItemProxy */;
		};
/* End PBXTargetDependency section */

/* Begin PBXVariantGroup section */
		D8675CA823701C0A00BC69F0 /* Main.storyboard */ = {
			isa = PBXVariantGroup;
			children = (
				D8675CA923701C0A00BC69F0 /* Base */,
			);
			name = Main.storyboard;
			sourceTree = "<group>";
		};
		D8675CB023701C0B00BC69F0 /* LaunchScreen.storyboard */ = {
			isa = PBXVariantGroup;
			children = (
				D8675CB123701C0B00BC69F0 /* Base */,
			);
			name = LaunchScreen.storyboard;
			sourceTree = "<group>";
		};
/* End PBXVariantGroup section */

/* Begin XCBuildConfiguration section */
		D8675CBF23701C0B00BC69F0 /* Debug */ = {
			isa = XCBuildConfiguration;
			buildSettings = {
				ALWAYS_SEARCH_USER_PATHS = NO;
				CLANG_ANALYZER_NONNULL = YES;
				CLANG_ANALYZER_NUMBER_OBJECT_CONVERSION = YES_AGGRESSIVE;
				CLANG_CXX_LANGUAGE_STANDARD = "gnu++14";
				CLANG_CXX_LIBRARY = "libc++";
				CLANG_ENABLE_MODULES = YES;
				CLANG_ENABLE_OBJC_ARC = YES;
				CLANG_ENABLE_OBJC_WEAK = YES;
				CLANG_WARN_BLOCK_CAPTURE_AUTORELEASING = YES;
				CLANG_WARN_BOOL_CONVERSION = YES;
				CLANG_WARN_COMMA = YES;
				CLANG_WARN_CONSTANT_CONVERSION = YES;
				CLANG_WARN_DEPRECATED_OBJC_IMPLEMENTATIONS = YES;
				CLANG_WARN_DIRECT_OBJC_ISA_USAGE = YES_ERROR;
				CLANG_WARN_DOCUMENTATION_COMMENTS = YES;
				CLANG_WARN_EMPTY_BODY = YES;
				CLANG_WARN_ENUM_CONVERSION = YES;
				CLANG_WARN_INFINITE_RECURSION = YES;
				CLANG_WARN_INT_CONVERSION = YES;
				CLANG_WARN_NON_LITERAL_NULL_CONVERSION = YES;
				CLANG_WARN_OBJC_IMPLICIT_RETAIN_SELF = YES;
				CLANG_WARN_OBJC_LITERAL_CONVERSION = YES;
				CLANG_WARN_OBJC_ROOT_CLASS = YES_ERROR;
				CLANG_WARN_RANGE_LOOP_ANALYSIS = YES;
				CLANG_WARN_STRICT_PROTOTYPES = YES;
				CLANG_WARN_SUSPICIOUS_MOVE = YES;
				CLANG_WARN_UNGUARDED_AVAILABILITY = YES_AGGRESSIVE;
				CLANG_WARN_UNREACHABLE_CODE = YES;
				CLANG_WARN__DUPLICATE_METHOD_MATCH = YES;
				CODE_SIGN_IDENTITY = "iPhone Developer";
				COPY_PHASE_STRIP = NO;
				DEBUG_INFORMATION_FORMAT = dwarf;
				ENABLE_STRICT_OBJC_MSGSEND = YES;
				ENABLE_TESTABILITY = YES;
				GCC_C_LANGUAGE_STANDARD = gnu11;
				GCC_DYNAMIC_NO_PIC = NO;
				GCC_NO_COMMON_BLOCKS = YES;
				GCC_OPTIMIZATION_LEVEL = 0;
				GCC_PREPROCESSOR_DEFINITIONS = (
					"DEBUG=1",
					"$(inherited)",
				);
				GCC_WARN_64_TO_32_BIT_CONVERSION = YES;
				GCC_WARN_ABOUT_RETURN_TYPE = YES_ERROR;
				GCC_WARN_UNDECLARED_SELECTOR = YES;
				GCC_WARN_UNINITIALIZED_AUTOS = YES_AGGRESSIVE;
				GCC_WARN_UNUSED_FUNCTION = YES;
				GCC_WARN_UNUSED_VARIABLE = YES;
				IPHONEOS_DEPLOYMENT_TARGET = 12.2;
				MTL_ENABLE_DEBUG_INFO = INCLUDE_SOURCE;
				MTL_FAST_MATH = YES;
				ONLY_ACTIVE_ARCH = YES;
				SDKROOT = iphoneos;
				SWIFT_ACTIVE_COMPILATION_CONDITIONS = DEBUG;
				SWIFT_OPTIMIZATION_LEVEL = "-Onone";
			};
			name = Debug;
		};
		D8675CC023701C0B00BC69F0 /* Release */ = {
			isa = XCBuildConfiguration;
			buildSettings = {
				ALWAYS_SEARCH_USER_PATHS = NO;
				CLANG_ANALYZER_NONNULL = YES;
				CLANG_ANALYZER_NUMBER_OBJECT_CONVERSION = YES_AGGRESSIVE;
				CLANG_CXX_LANGUAGE_STANDARD = "gnu++14";
				CLANG_CXX_LIBRARY = "libc++";
				CLANG_ENABLE_MODULES = YES;
				CLANG_ENABLE_OBJC_ARC = YES;
				CLANG_ENABLE_OBJC_WEAK = YES;
				CLANG_WARN_BLOCK_CAPTURE_AUTORELEASING = YES;
				CLANG_WARN_BOOL_CONVERSION = YES;
				CLANG_WARN_COMMA = YES;
				CLANG_WARN_CONSTANT_CONVERSION = YES;
				CLANG_WARN_DEPRECATED_OBJC_IMPLEMENTATIONS = YES;
				CLANG_WARN_DIRECT_OBJC_ISA_USAGE = YES_ERROR;
				CLANG_WARN_DOCUMENTATION_COMMENTS = YES;
				CLANG_WARN_EMPTY_BODY = YES;
				CLANG_WARN_ENUM_CONVERSION = YES;
				CLANG_WARN_INFINITE_RECURSION = YES;
				CLANG_WARN_INT_CONVERSION = YES;
				CLANG_WARN_NON_LITERAL_NULL_CONVERSION = YES;
				CLANG_WARN_OBJC_IMPLICIT_RETAIN_SELF = YES;
				CLANG_WARN_OBJC_LITERAL_CONVERSION = YES;
				CLANG_WARN_OBJC_ROOT_CLASS = YES_ERROR;
				CLANG_WARN_RANGE_LOOP_ANALYSIS = YES;
				CLANG_WARN_STRICT_PROTOTYPES = YES;
				CLANG_WARN_SUSPICIOUS_MOVE = YES;
				CLANG_WARN_UNGUARDED_AVAILABILITY = YES_AGGRESSIVE;
				CLANG_WARN_UNREACHABLE_CODE = YES;
				CLANG_WARN__DUPLICATE_METHOD_MATCH = YES;
				CODE_SIGN_IDENTITY = "iPhone Developer";
				COPY_PHASE_STRIP = NO;
				DEBUG_INFORMATION_FORMAT = "dwarf-with-dsym";
				ENABLE_NS_ASSERTIONS = NO;
				ENABLE_STRICT_OBJC_MSGSEND = YES;
				GCC_C_LANGUAGE_STANDARD = gnu11;
				GCC_NO_COMMON_BLOCKS = YES;
				GCC_WARN_64_TO_32_BIT_CONVERSION = YES;
				GCC_WARN_ABOUT_RETURN_TYPE = YES_ERROR;
				GCC_WARN_UNDECLARED_SELECTOR = YES;
				GCC_WARN_UNINITIALIZED_AUTOS = YES_AGGRESSIVE;
				GCC_WARN_UNUSED_FUNCTION = YES;
				GCC_WARN_UNUSED_VARIABLE = YES;
				IPHONEOS_DEPLOYMENT_TARGET = 12.2;
				MTL_ENABLE_DEBUG_INFO = NO;
				MTL_FAST_MATH = YES;
				SDKROOT = iphoneos;
				SWIFT_COMPILATION_MODE = wholemodule;
				SWIFT_OPTIMIZATION_LEVEL = "-O";
				VALIDATE_PRODUCT = YES;
			};
			name = Release;
		};
		D8675CC223701C0B00BC69F0 /* Debug */ = {
			isa = XCBuildConfiguration;
			baseConfigurationReference = 30E7447246167FD66D721A2D /* Pods-Reciplease.debug.xcconfig */;
			buildSettings = {
				ASSETCATALOG_COMPILER_APPICON_NAME = AppIcon;
				CODE_SIGN_STYLE = Automatic;
				DEVELOPMENT_TEAM = 95PRW2UH28;
				INFOPLIST_FILE = Reciplease/Info.plist;
				LD_RUNPATH_SEARCH_PATHS = (
					"$(inherited)",
					"@executable_path/Frameworks",
				);
				PRODUCT_BUNDLE_IDENTIFIER = "com.samahir-adi.Reciplease";
				PRODUCT_NAME = "$(TARGET_NAME)";
				SWIFT_VERSION = 5.0;
				TARGETED_DEVICE_FAMILY = "1,2";
			};
			name = Debug;
		};
		D8675CC323701C0B00BC69F0 /* Release */ = {
			isa = XCBuildConfiguration;
			baseConfigurationReference = 9BDCF2B56F2D8511A51689C8 /* Pods-Reciplease.release.xcconfig */;
			buildSettings = {
				ASSETCATALOG_COMPILER_APPICON_NAME = AppIcon;
				CODE_SIGN_STYLE = Automatic;
				DEVELOPMENT_TEAM = 95PRW2UH28;
				INFOPLIST_FILE = Reciplease/Info.plist;
				LD_RUNPATH_SEARCH_PATHS = (
					"$(inherited)",
					"@executable_path/Frameworks",
				);
				PRODUCT_BUNDLE_IDENTIFIER = "com.samahir-adi.Reciplease";
				PRODUCT_NAME = "$(TARGET_NAME)";
				SWIFT_VERSION = 5.0;
				TARGETED_DEVICE_FAMILY = "1,2";
			};
			name = Release;
		};
		D8675CC523701C0B00BC69F0 /* Debug */ = {
			isa = XCBuildConfiguration;
			baseConfigurationReference = D5248DA116C2063B5CB4B5EE /* Pods-RecipleaseTests.debug.xcconfig */;
			buildSettings = {
				ALWAYS_EMBED_SWIFT_STANDARD_LIBRARIES = YES;
				BUNDLE_LOADER = "$(TEST_HOST)";
				CODE_SIGN_STYLE = Automatic;
				INFOPLIST_FILE = RecipleaseTests/Info.plist;
				LD_RUNPATH_SEARCH_PATHS = (
					"$(inherited)",
					"@executable_path/Frameworks",
					"@loader_path/Frameworks",
				);
				PRODUCT_BUNDLE_IDENTIFIER = "com.samahir-adi.RecipleaseTests";
				PRODUCT_NAME = "$(TARGET_NAME)";
				SWIFT_VERSION = 5.0;
				TARGETED_DEVICE_FAMILY = "1,2";
				TEST_HOST = "$(BUILT_PRODUCTS_DIR)/Reciplease.app/Reciplease";
			};
			name = Debug;
		};
		D8675CC623701C0B00BC69F0 /* Release */ = {
			isa = XCBuildConfiguration;
			baseConfigurationReference = DEA8491953860E5006CFA4C5 /* Pods-RecipleaseTests.release.xcconfig */;
			buildSettings = {
				ALWAYS_EMBED_SWIFT_STANDARD_LIBRARIES = YES;
				BUNDLE_LOADER = "$(TEST_HOST)";
				CODE_SIGN_STYLE = Automatic;
				INFOPLIST_FILE = RecipleaseTests/Info.plist;
				LD_RUNPATH_SEARCH_PATHS = (
					"$(inherited)",
					"@executable_path/Frameworks",
					"@loader_path/Frameworks",
				);
				PRODUCT_BUNDLE_IDENTIFIER = "com.samahir-adi.RecipleaseTests";
				PRODUCT_NAME = "$(TARGET_NAME)";
				SWIFT_VERSION = 5.0;
				TARGETED_DEVICE_FAMILY = "1,2";
				TEST_HOST = "$(BUILT_PRODUCTS_DIR)/Reciplease.app/Reciplease";
			};
			name = Release;
		};
/* End XCBuildConfiguration section */

/* Begin XCConfigurationList section */
		D8675C9C23701C0A00BC69F0 /* Build configuration list for PBXProject "Reciplease" */ = {
			isa = XCConfigurationList;
			buildConfigurations = (
				D8675CBF23701C0B00BC69F0 /* Debug */,
				D8675CC023701C0B00BC69F0 /* Release */,
			);
			defaultConfigurationIsVisible = 0;
			defaultConfigurationName = Release;
		};
		D8675CC123701C0B00BC69F0 /* Build configuration list for PBXNativeTarget "Reciplease" */ = {
			isa = XCConfigurationList;
			buildConfigurations = (
				D8675CC223701C0B00BC69F0 /* Debug */,
				D8675CC323701C0B00BC69F0 /* Release */,
			);
			defaultConfigurationIsVisible = 0;
			defaultConfigurationName = Release;
		};
		D8675CC423701C0B00BC69F0 /* Build configuration list for PBXNativeTarget "RecipleaseTests" */ = {
			isa = XCConfigurationList;
			buildConfigurations = (
				D8675CC523701C0B00BC69F0 /* Debug */,
				D8675CC623701C0B00BC69F0 /* Release */,
			);
			defaultConfigurationIsVisible = 0;
			defaultConfigurationName = Release;
		};
/* End XCConfigurationList section */

/* Begin XCVersionGroup section */
		D8675CAB23701C0A00BC69F0 /* Reciplease.xcdatamodeld */ = {
			isa = XCVersionGroup;
			children = (
				D8675CAC23701C0A00BC69F0 /* Reciplease.xcdatamodel */,
			);
			currentVersion = D8675CAC23701C0A00BC69F0 /* Reciplease.xcdatamodel */;
			path = Reciplease.xcdatamodeld;
			sourceTree = "<group>";
			versionGroupType = wrapper.xcdatamodel;
		};
/* End XCVersionGroup section */
	};
	rootObject = D8675C9923701C0A00BC69F0 /* Project object */;
}
